
Microsoft Visual Studio Solution File, Format Version 12.00
# Visual Studio 15
VisualStudioVersion = 15.0.26906.1
MinimumVisualStudioVersion = 10.0.40219.1
Project("{FAE04EC0-301F-11D3-BF4B-00C04F79EFBC}") = "Doctrina", "Doctrina\Doctrina.csproj", "{D8E4D317-223A-49E3-BB67-57E9EEC986C4}"
EndProject
Project("{FAE04EC0-301F-11D3-BF4B-00C04F79EFBC}") = "Doctrina.Tests", "Doctrina.Tests\Doctrina.Tests.csproj", "{A399C549-06A6-4917-B31B-8AA0B3C036C3}"
EndProject
Global
	GlobalSection(SolutionConfigurationPlatforms) = preSolution
		Debug|Any CPU = Debug|Any CPU
		Release|Any CPU = Release|Any CPU
	EndGlobalSection
	GlobalSection(ProjectConfigurationPlatforms) = postSolution
		{D8E4D317-223A-49E3-BB67-57E9EEC986C4}.Debug|Any CPU.ActiveCfg = Debug|Any CPU
		{D8E4D317-223A-49E3-BB67-57E9EEC986C4}.Debug|Any CPU.Build.0 = Debug|Any CPU
		{D8E4D317-223A-49E3-BB67-57E9EEC986C4}.Release|Any CPU.ActiveCfg = Release|Any CPU
		{D8E4D317-223A-49E3-BB67-57E9EEC986C4}.Release|Any CPU.Build.0 = Release|Any CPU
		{A399C549-06A6-4917-B31B-8AA0B3C036C3}.Debug|Any CPU.ActiveCfg = Debug|Any CPU
		{A399C549-06A6-4917-B31B-8AA0B3C036C3}.Debug|Any CPU.Build.0 = Debug|Any CPU
		{A399C549-06A6-4917-B31B-8AA0B3C036C3}.Release|Any CPU.ActiveCfg = Release|Any CPU
		{A399C549-06A6-4917-B31B-8AA0B3C036C3}.Release|Any CPU.Build.0 = Release|Any CPU
	EndGlobalSection
	GlobalSection(SolutionProperties) = preSolution
		HideSolutionNode = FALSE
	EndGlobalSection
	GlobalSection(ExtensibilityGlobals) = postSolution
		SolutionGuid = {37210592-019C-4CC4-9459-09FCAFDDF61F}
	EndGlobalSection
EndGlobal
